{
    "_meta": {
        "hash": {
            "sha256": "9ad8ccb5124469b18f5355c3fa81b868f7fae7ba4b669dac6335af1d486dcf56"
        },
        "pipfile-spec": 6,
        "requires": {
            "python_version": "3.10"
        },
        "sources": [
            {
                "name": "pypi",
                "url": "https://pypi.org/simple",
                "verify_ssl": true
            }
        ]
    },
    "default": {
        "annotated-types": {
            "hashes": [
                "sha256:0641064de18ba7a25dee8f96403ebc39113d0cb953a01429249d5c7564666a43",
                "sha256:563339e807e53ffd9c267e99fc6d9ea23eb8443c08f112651963e24e22f84a5d"
            ],
            "markers": "python_version >= '3.8'",
            "version": "==0.6.0"
        },
        "anyio": {
            "hashes": [
                "sha256:44a3c9aba0f5defa43261a8b3efb97891f2bd7d804e0e1f56419befa1adfc780",
                "sha256:91dee416e570e92c64041bd18b900d1d6fa78dff7048769ce5ac5ddad004fbb5"
            ],
            "markers": "python_version >= '3.7'",
            "version": "==3.7.1"
        },
        "exceptiongroup": {
            "hashes": [
                "sha256:4bfd3996ac73b41e9b9628b04e079f193850720ea5945fc96a08633c66912f14",
                "sha256:91f5c769735f051a4290d52edd0858999b57e5876e9f85937691bd4c9fa3ed68"
            ],
            "markers": "python_version < '3.11'",
            "version": "==1.2.0"
        },
        "fastapi": {
            "hashes": [
                "sha256:752dc31160cdbd0436bb93bad51560b57e525cbb1d4bbf6f4904ceee75548241",
                "sha256:e5e4540a7c5e1dcfbbcf5b903c234feddcdcd881f191977a1c5dfd917487e7ae"
            ],
            "index": "pypi",
            "markers": "python_version >= '3.8'",
            "version": "==0.104.1"
        },
        "grpcio": {
            "hashes": [
                "sha256:073f959c6f570797272f4ee9464a9997eaf1e98c27cb680225b82b53390d61e6",
                "sha256:0fd3b3968ffe7643144580f260f04d39d869fcc2cddb745deef078b09fd2b328",
                "sha256:1434ca77d6fed4ea312901122dc8da6c4389738bf5788f43efb19a838ac03ead",
                "sha256:1c30bb23a41df95109db130a6cc1b974844300ae2e5d68dd4947aacba5985aa5",
                "sha256:20e7a4f7ded59097c84059d28230907cd97130fa74f4a8bfd1d8e5ba18c81491",
                "sha256:2199165a1affb666aa24adf0c97436686d0a61bc5fc113c037701fb7c7fceb96",
                "sha256:297eef542156d6b15174a1231c2493ea9ea54af8d016b8ca7d5d9cc65cfcc444",
                "sha256:2aef56e85901c2397bd557c5ba514f84de1f0ae5dd132f5d5fed042858115951",
                "sha256:30943b9530fe3620e3b195c03130396cd0ee3a0d10a66c1bee715d1819001eaf",
                "sha256:3b36a2c6d4920ba88fa98075fdd58ff94ebeb8acc1215ae07d01a418af4c0253",
                "sha256:428d699c8553c27e98f4d29fdc0f0edc50e9a8a7590bfd294d2edb0da7be3629",
                "sha256:43e636dc2ce9ece583b3e2ca41df5c983f4302eabc6d5f9cd04f0562ee8ec1ae",
                "sha256:452ca5b4afed30e7274445dd9b441a35ece656ec1600b77fff8c216fdf07df43",
                "sha256:467a7d31554892eed2aa6c2d47ded1079fc40ea0b9601d9f79204afa8902274b",
                "sha256:4b44d7e39964e808b071714666a812049765b26b3ea48c4434a3b317bac82f14",
                "sha256:4c86343cf9ff7b2514dd229bdd88ebba760bd8973dac192ae687ff75e39ebfab",
                "sha256:5208a57eae445ae84a219dfd8b56e04313445d146873117b5fa75f3245bc1390",
                "sha256:5ff21e000ff2f658430bde5288cb1ac440ff15c0d7d18b5fb222f941b46cb0d2",
                "sha256:675997222f2e2f22928fbba640824aebd43791116034f62006e19730715166c0",
                "sha256:676e4a44e740deaba0f4d95ba1d8c5c89a2fcc43d02c39f69450b1fa19d39590",
                "sha256:6e306b97966369b889985a562ede9d99180def39ad42c8014628dd3cc343f508",
                "sha256:6fd9584bf1bccdfff1512719316efa77be235469e1e3295dce64538c4773840b",
                "sha256:705a68a973c4c76db5d369ed573fec3367d7d196673fa86614b33d8c8e9ebb08",
                "sha256:74d7d9fa97809c5b892449b28a65ec2bfa458a4735ddad46074f9f7d9550ad13",
                "sha256:77c8a317f0fd5a0a2be8ed5cbe5341537d5c00bb79b3bb27ba7c5378ba77dbca",
                "sha256:79a050889eb8d57a93ed21d9585bb63fca881666fc709f5d9f7f9372f5e7fd03",
                "sha256:7db16dd4ea1b05ada504f08d0dca1cd9b926bed3770f50e715d087c6f00ad748",
                "sha256:83f2292ae292ed5a47cdcb9821039ca8e88902923198f2193f13959360c01860",
                "sha256:87c9224acba0ad8bacddf427a1c2772e17ce50b3042a789547af27099c5f751d",
                "sha256:8a97a681e82bc11a42d4372fe57898d270a2707f36c45c6676e49ce0d5c41353",
                "sha256:9073513ec380434eb8d21970e1ab3161041de121f4018bbed3146839451a6d8e",
                "sha256:90bdd76b3f04bdb21de5398b8a7c629676c81dfac290f5f19883857e9371d28c",
                "sha256:91229d7203f1ef0ab420c9b53fe2ca5c1fbeb34f69b3bc1b5089466237a4a134",
                "sha256:92f88ca1b956eb8427a11bb8b4a0c0b2b03377235fc5102cb05e533b8693a415",
                "sha256:95ae3e8e2c1b9bf671817f86f155c5da7d49a2289c5cf27a319458c3e025c320",
                "sha256:9e30be89a75ee66aec7f9e60086fadb37ff8c0ba49a022887c28c134341f7179",
                "sha256:a48edde788b99214613e440fce495bbe2b1e142a7f214cce9e0832146c41e324",
                "sha256:a7152fa6e597c20cb97923407cf0934e14224af42c2b8d915f48bc3ad2d9ac18",
                "sha256:a9c7b71211f066908e518a2ef7a5e211670761651039f0d6a80d8d40054047df",
                "sha256:b0571a5aef36ba9177e262dc88a9240c866d903a62799e44fd4aae3f9a2ec17e",
                "sha256:b0fb2d4801546598ac5cd18e3ec79c1a9af8b8f2a86283c55a5337c5aeca4b1b",
                "sha256:b10241250cb77657ab315270b064a6c7f1add58af94befa20687e7c8d8603ae6",
                "sha256:b87efe4a380887425bb15f220079aa8336276398dc33fce38c64d278164f963d",
                "sha256:b98f43fcdb16172dec5f4b49f2fece4b16a99fd284d81c6bbac1b3b69fcbe0ff",
                "sha256:c193109ca4070cdcaa6eff00fdb5a56233dc7610216d58fb81638f89f02e4968",
                "sha256:c826f93050c73e7769806f92e601e0efdb83ec8d7c76ddf45d514fee54e8e619",
                "sha256:d020cfa595d1f8f5c6b343530cd3ca16ae5aefdd1e832b777f9f0eb105f5b139",
                "sha256:d6a478581b1a1a8fdf3318ecb5f4d0cda41cacdffe2b527c23707c9c1b8fdb55",
                "sha256:de2ad69c9a094bf37c1102b5744c9aec6cf74d2b635558b779085d0263166454",
                "sha256:e278eafb406f7e1b1b637c2cf51d3ad45883bb5bd1ca56bc05e4fc135dfdaa65",
                "sha256:e381fe0c2aa6c03b056ad8f52f8efca7be29fb4d9ae2f8873520843b6039612a",
                "sha256:e61e76020e0c332a98290323ecfec721c9544f5b739fab925b6e8cbe1944cf19",
                "sha256:f897c3b127532e6befdcf961c415c97f320d45614daf84deba0a54e64ea2457b",
                "sha256:fb464479934778d7cc5baf463d959d361954d6533ad34c3a4f1d267e86ee25fd"
            ],
            "markers": "python_version >= '3.7'",
            "version": "==1.60.0"
        },
        "grpcio-tools": {
            "hashes": [
                "sha256:081336d8258f1a56542aa8a7a5dec99a2b38d902e19fbdd744594783301b0210",
                "sha256:1748893efd05cf4a59a175d7fa1e4fbb652f4d84ccaa2109f7869a2be48ed25e",
                "sha256:17a32b3da4fc0798cdcec0a9c974ac2a1e98298f151517bf9148294a3b1a5742",
                "sha256:18976684a931ca4bcba65c78afa778683aefaae310f353e198b1823bf09775a0",
                "sha256:1b93ae8ffd18e9af9a965ebca5fa521e89066267de7abdde20721edc04e42721",
                "sha256:1fbb9554466d560472f07d906bfc8dcaf52f365c2a407015185993e30372a886",
                "sha256:24c4ead4a03037beaeb8ef2c90d13d70101e35c9fae057337ed1a9144ef10b53",
                "sha256:2a8a758701f3ac07ed85f5a4284c6a9ddefcab7913a8e552497f919349e72438",
                "sha256:2dd01257e4feff986d256fa0bac9f56de59dc735eceeeb83de1c126e2e91f653",
                "sha256:2e00de389729ca8d8d1a63c2038703078a887ff738dc31be640b7da9c26d0d4f",
                "sha256:2fb4cf74bfe1e707cf10bc9dd38a1ebaa145179453d150febb121c7e9cd749bf",
                "sha256:2fd1671c52f96e79a2302c8b1c1f78b8a561664b8b3d6946f20d8f1cc6b4225a",
                "sha256:321b18f42a70813545e416ddcb8bf20defa407a8114906711c9710a69596ceda",
                "sha256:3456df087ea61a0972a5bc165aed132ed6ddcc63f5749e572f9fff84540bdbad",
                "sha256:4041538f55aad5b3ae7e25ab314d7995d689e968bfc8aa169d939a3160b1e4c6",
                "sha256:559ce714fe212aaf4abbe1493c5bb8920def00cc77ce0d45266f4fd9d8b3166f",
                "sha256:5a907a4f1ffba86501b2cdb8682346249ea032b922fc69a92f082ba045cca548",
                "sha256:5ce6bbd4936977ec1114f2903eb4342781960d521b0d82f73afedb9335251f6f",
                "sha256:6170873b1e5b6580ebb99e87fb6e4ea4c48785b910bd7af838cc6e44b2bccb04",
                "sha256:6192184b1f99372ff1d9594bd4b12264e3ff26440daba7eb043726785200ff77",
                "sha256:6807b7a3f3e6e594566100bd7fe04a2c42ce6d5792652677f1aaf5aa5adaef3d",
                "sha256:687f576d7ff6ce483bc9a196d1ceac45144e8733b953620a026daed8e450bc38",
                "sha256:74025fdd6d1cb7ba4b5d087995339e9a09f0c16cf15dfe56368b23e41ffeaf7a",
                "sha256:7a5263a0f2ddb7b1cfb2349e392cfc4f318722e0f48f886393e06946875d40f3",
                "sha256:7a6fe752205caae534f29fba907e2f59ff79aa42c6205ce9a467e9406cbac68c",
                "sha256:7c1cde49631732356cb916ee1710507967f19913565ed5f9991e6c9cb37e3887",
                "sha256:811abb9c4fb6679e0058dfa123fb065d97b158b71959c0e048e7972bbb82ba0f",
                "sha256:857c5351e9dc33a019700e171163f94fcc7e3ae0f6d2b026b10fda1e3c008ef1",
                "sha256:87cf439178f3eb45c1a889b2e4a17cbb4c450230d92c18d9c57e11271e239c55",
                "sha256:9970d384fb0c084b00945ef57d98d57a8d32be106d8f0bd31387f7cbfe411b5b",
                "sha256:9ee35234f1da8fba7ddbc544856ff588243f1128ea778d7a1da3039be829a134",
                "sha256:addc9b23d6ff729d9f83d4a2846292d4c84f5eb2ec38f08489a6a0d66ac2b91e",
                "sha256:b22b1299b666eebd5752ba7719da536075eae3053abcf2898b65f763c314d9da",
                "sha256:b8f7a5094adb49e85db13ea3df5d99a976c2bdfd83b0ba26af20ebb742ac6786",
                "sha256:b96981f3a31b85074b73d97c8234a5ed9053d65a36b18f4a9c45a2120a5b7a0a",
                "sha256:bbf0ed772d2ae7e8e5d7281fcc00123923ab130b94f7a843eee9af405918f924",
                "sha256:bd2a17b0193fbe4793c215d63ce1e01ae00a8183d81d7c04e77e1dfafc4b2b8a",
                "sha256:c771b19dce2bfe06899247168c077d7ab4e273f6655d8174834f9a6034415096",
                "sha256:d941749bd8dc3f8be58fe37183143412a27bec3df8482d5abd6b4ec3f1ac2924",
                "sha256:dba6e32c87b4af29b5f475fb2f470f7ee3140bfc128644f17c6c59ddeb670680",
                "sha256:dd1e68c232fe01dd5312a8dbe52c50ecd2b5991d517d7f7446af4ba6334ba872",
                "sha256:e5614cf0960456d21d8a0f4902e3e5e3bcacc4e400bf22f196e5dd8aabb978b7",
                "sha256:e5c519a0d4ba1ab44a004fa144089738c59278233e2010b2cf4527dc667ff297",
                "sha256:e68dc4474f30cad11a965f0eb5d37720a032b4720afa0ec19dbcea2de73b5aae",
                "sha256:e70d867c120d9849093b0ac24d861e378bc88af2552e743d83b9f642d2caa7c2",
                "sha256:e87cabac7969bdde309575edc2456357667a1b28262b2c1f12580ef48315b19d",
                "sha256:eae27f9b16238e2aaee84c77b5923c6924d6dccb0bdd18435bf42acc8473ae1a",
                "sha256:ec0e401e9a43d927d216d5169b03c61163fb52b665c5af2fed851357b15aef88",
                "sha256:ed30499340228d733ff69fcf4a66590ed7921f94eb5a2bf692258b1280b9dac7",
                "sha256:f10ef47460ce3c6fd400f05fe757b90df63486c9b84d1ecad42dcc5f80c8ac14",
                "sha256:f3d916606dcf5610d4367918245b3d9d8cd0d2ec0b7043d1bbb8c50fe9815c3a",
                "sha256:f610384dee4b1ca705e8da66c5b5fe89a2de3d165c5282c3d1ddf40cb18924e4",
                "sha256:fb4df80868b3e397d5fbccc004c789d2668b622b51a9d2387b4c89c80d31e2c5",
                "sha256:fc01bc1079279ec342f0f1b6a107b3f5dc3169c33369cf96ada6e2e171f74e86"
            ],
            "markers": "python_version >= '3.7'",
            "version": "==1.60.0"
        },
        "idna": {
            "hashes": [
                "sha256:9ecdbbd083b06798ae1e86adcbfe8ab1479cf864e4ee30fe4e46a003d12491ca",
                "sha256:c05567e9c24a6b9faaa835c4821bad0590fbb9d5779e7caa6e1cc4978e7eb24f"
            ],
            "markers": "python_version >= '3.5'",
            "version": "==3.6"
        },
        "msgpack": {
            "hashes": [
                "sha256:04ad6069c86e531682f9e1e71b71c1c3937d6014a7c3e9edd2aa81ad58842862",
                "sha256:0bfdd914e55e0d2c9e1526de210f6fe8ffe9705f2b1dfcc4aecc92a4cb4b533d",
                "sha256:1dc93e8e4653bdb5910aed79f11e165c85732067614f180f70534f056da97db3",
                "sha256:1e2d69948e4132813b8d1131f29f9101bc2c915f26089a6d632001a5c1349672",
                "sha256:235a31ec7db685f5c82233bddf9858748b89b8119bf4538d514536c485c15fe0",
                "sha256:27dcd6f46a21c18fa5e5deed92a43d4554e3df8d8ca5a47bf0615d6a5f39dbc9",
                "sha256:28efb066cde83c479dfe5a48141a53bc7e5f13f785b92ddde336c716663039ee",
                "sha256:3476fae43db72bd11f29a5147ae2f3cb22e2f1a91d575ef130d2bf49afd21c46",
                "sha256:36e17c4592231a7dbd2ed09027823ab295d2791b3b1efb2aee874b10548b7524",
                "sha256:384d779f0d6f1b110eae74cb0659d9aa6ff35aaf547b3955abf2ab4c901c4819",
                "sha256:38949d30b11ae5f95c3c91917ee7a6b239f5ec276f271f28638dec9156f82cfc",
                "sha256:3967e4ad1aa9da62fd53e346ed17d7b2e922cba5ab93bdd46febcac39be636fc",
                "sha256:3e7bf4442b310ff154b7bb9d81eb2c016b7d597e364f97d72b1acc3817a0fdc1",
                "sha256:3f0c8c6dfa6605ab8ff0611995ee30d4f9fcff89966cf562733b4008a3d60d82",
                "sha256:484ae3240666ad34cfa31eea7b8c6cd2f1fdaae21d73ce2974211df099a95d81",
                "sha256:4a7b4f35de6a304b5533c238bee86b670b75b03d31b7797929caa7a624b5dda6",
                "sha256:4cb14ce54d9b857be9591ac364cb08dc2d6a5c4318c1182cb1d02274029d590d",
                "sha256:4e71bc4416de195d6e9b4ee93ad3f2f6b2ce11d042b4d7a7ee00bbe0358bd0c2",
                "sha256:52700dc63a4676669b341ba33520f4d6e43d3ca58d422e22ba66d1736b0a6e4c",
                "sha256:572efc93db7a4d27e404501975ca6d2d9775705c2d922390d878fcf768d92c87",
                "sha256:576eb384292b139821c41995523654ad82d1916da6a60cff129c715a6223ea84",
                "sha256:5b0bf0effb196ed76b7ad883848143427a73c355ae8e569fa538365064188b8e",
                "sha256:5b6ccc0c85916998d788b295765ea0e9cb9aac7e4a8ed71d12e7d8ac31c23c95",
                "sha256:5ed82f5a7af3697b1c4786053736f24a0efd0a1b8a130d4c7bfee4b9ded0f08f",
                "sha256:6d4c80667de2e36970ebf74f42d1088cc9ee7ef5f4e8c35eee1b40eafd33ca5b",
                "sha256:730076207cb816138cf1af7f7237b208340a2c5e749707457d70705715c93b93",
                "sha256:7687e22a31e976a0e7fc99c2f4d11ca45eff652a81eb8c8085e9609298916dcf",
                "sha256:822ea70dc4018c7e6223f13affd1c5c30c0f5c12ac1f96cd8e9949acddb48a61",
                "sha256:84b0daf226913133f899ea9b30618722d45feffa67e4fe867b0b5ae83a34060c",
                "sha256:85765fdf4b27eb5086f05ac0491090fc76f4f2b28e09d9350c31aac25a5aaff8",
                "sha256:8dd178c4c80706546702c59529ffc005681bd6dc2ea234c450661b205445a34d",
                "sha256:8f5b234f567cf76ee489502ceb7165c2a5cecec081db2b37e35332b537f8157c",
                "sha256:98bbd754a422a0b123c66a4c341de0474cad4a5c10c164ceed6ea090f3563db4",
                "sha256:993584fc821c58d5993521bfdcd31a4adf025c7d745bbd4d12ccfecf695af5ba",
                "sha256:a40821a89dc373d6427e2b44b572efc36a2778d3f543299e2f24eb1a5de65415",
                "sha256:b291f0ee7961a597cbbcc77709374087fa2a9afe7bdb6a40dbbd9b127e79afee",
                "sha256:b573a43ef7c368ba4ea06050a957c2a7550f729c31f11dd616d2ac4aba99888d",
                "sha256:b610ff0f24e9f11c9ae653c67ff8cc03c075131401b3e5ef4b82570d1728f8a9",
                "sha256:bdf38ba2d393c7911ae989c3bbba510ebbcdf4ecbdbfec36272abe350c454075",
                "sha256:bfef2bb6ef068827bbd021017a107194956918ab43ce4d6dc945ffa13efbc25f",
                "sha256:cab3db8bab4b7e635c1c97270d7a4b2a90c070b33cbc00c99ef3f9be03d3e1f7",
                "sha256:cb70766519500281815dfd7a87d3a178acf7ce95390544b8c90587d76b227681",
                "sha256:cca1b62fe70d761a282496b96a5e51c44c213e410a964bdffe0928e611368329",
                "sha256:ccf9a39706b604d884d2cb1e27fe973bc55f2890c52f38df742bc1d79ab9f5e1",
                "sha256:dc43f1ec66eb8440567186ae2f8c447d91e0372d793dfe8c222aec857b81a8cf",
                "sha256:dd632777ff3beaaf629f1ab4396caf7ba0bdd075d948a69460d13d44357aca4c",
                "sha256:e45ae4927759289c30ccba8d9fdce62bb414977ba158286b5ddaf8df2cddb5c5",
                "sha256:e50ebce52f41370707f1e21a59514e3375e3edd6e1832f5e5235237db933c98b",
                "sha256:ebbbba226f0a108a7366bf4b59bf0f30a12fd5e75100c630267d94d7f0ad20e5",
                "sha256:ec79ff6159dffcc30853b2ad612ed572af86c92b5168aa3fc01a67b0fa40665e",
                "sha256:f0936e08e0003f66bfd97e74ee530427707297b0d0361247e9b4f59ab78ddc8b",
                "sha256:f26a07a6e877c76a88e3cecac8531908d980d3d5067ff69213653649ec0f60ad",
                "sha256:f64e376cd20d3f030190e8c32e1c64582eba56ac6dc7d5b0b49a9d44021b52fd",
                "sha256:f6ffbc252eb0d229aeb2f9ad051200668fc3a9aaa8994e49f0cb2ffe2b7867e7",
                "sha256:f9a7c509542db4eceed3dcf21ee5267ab565a83555c9b88a8109dcecc4709002",
                "sha256:ff1d0899f104f3921d94579a5638847f783c9b04f2d5f229392ca77fba5b82fc"
            ],
            "markers": "python_version >= '3.8'",
            "version": "==1.0.7"
        },
        "owl-robot-client": {
            "editable": true,
            "file": "owl_robot_client"
        },
        "protobuf": {
            "hashes": [
                "sha256:0bf384e75b92c42830c0a679b0cd4d6e2b36ae0cf3dbb1e1dfdda48a244f4bcd",
                "sha256:0f881b589ff449bf0b931a711926e9ddaad3b35089cc039ce1af50b21a4ae8cb",
                "sha256:1484f9e692091450e7edf418c939e15bfc8fc68856e36ce399aed6889dae8bb0",
                "sha256:193f50a6ab78a970c9b4f148e7c750cfde64f59815e86f686c22e26b4fe01ce7",
                "sha256:3497c1af9f2526962f09329fd61a36566305e6c72da2590ae0d7d1322818843b",
                "sha256:57d65074b4f5baa4ab5da1605c02be90ac20c8b40fb137d6a8df9f416b0d0ce2",
                "sha256:8bdbeaddaac52d15c6dce38c71b03038ef7772b977847eb6d374fc86636fa510",
                "sha256:a19731d5e83ae4737bb2a089605e636077ac001d18781b3cf489b9546c7c80d6",
                "sha256:abc0525ae2689a8000837729eef7883b9391cd6aa7950249dcf5a4ede230d5dd",
                "sha256:becc576b7e6b553d22cbdf418686ee4daa443d7217999125c045ad56322dda10",
                "sha256:ca37bf6a6d0046272c152eea90d2e4ef34593aaa32e8873fc14c16440f22d4b7"
            ],
            "markers": "python_version >= '3.8'",
            "version": "==4.25.1"
        },
        "pydantic": {
            "hashes": [
                "sha256:80c50fb8e3dcecfddae1adbcc00ec5822918490c99ab31f6cf6140ca1c1429f0",
                "sha256:ff177ba64c6faf73d7afa2e8cad38fd456c0dbe01c9954e71038001cd15a6edd"
            ],
            "markers": "python_version >= '3.7'",
            "version": "==2.5.2"
        },
        "pydantic-core": {
            "hashes": [
                "sha256:038c9f763e650712b899f983076ce783175397c848da04985658e7628cbe873b",
                "sha256:074f3d86f081ce61414d2dc44901f4f83617329c6f3ab49d2bc6c96948b2c26b",
                "sha256:079206491c435b60778cf2b0ee5fd645e61ffd6e70c47806c9ed51fc75af078d",
                "sha256:09b0e985fbaf13e6b06a56d21694d12ebca6ce5414b9211edf6f17738d82b0f8",
                "sha256:0f6116a558fd06d1b7c2902d1c4cf64a5bd49d67c3540e61eccca93f41418124",
                "sha256:103ef8d5b58596a731b690112819501ba1db7a36f4ee99f7892c40da02c3e189",
                "sha256:16e29bad40bcf97aac682a58861249ca9dcc57c3f6be22f506501833ddb8939c",
                "sha256:206ed23aecd67c71daf5c02c3cd19c0501b01ef3cbf7782db9e4e051426b3d0d",
                "sha256:2248485b0322c75aee7565d95ad0e16f1c67403a470d02f94da7344184be770f",
                "sha256:27548e16c79702f1e03f5628589c6057c9ae17c95b4c449de3c66b589ead0520",
                "sha256:2d0ae0d8670164e10accbeb31d5ad45adb71292032d0fdb9079912907f0085f4",
                "sha256:3128e0bbc8c091ec4375a1828d6118bc20404883169ac95ffa8d983b293611e6",
                "sha256:3387277f1bf659caf1724e1afe8ee7dbc9952a82d90f858ebb931880216ea955",
                "sha256:34708cc82c330e303f4ce87758828ef6e457681b58ce0e921b6e97937dd1e2a3",
                "sha256:35613015f0ba7e14c29ac6c2483a657ec740e5ac5758d993fdd5870b07a61d8b",
                "sha256:3ad873900297bb36e4b6b3f7029d88ff9829ecdc15d5cf20161775ce12306f8a",
                "sha256:40180930807ce806aa71eda5a5a5447abb6b6a3c0b4b3b1b1962651906484d68",
                "sha256:439c9afe34638ace43a49bf72d201e0ffc1a800295bed8420c2a9ca8d5e3dbb3",
                "sha256:45e95333b8418ded64745f14574aa9bfc212cb4fbeed7a687b0c6e53b5e188cd",
                "sha256:4641e8ad4efb697f38a9b64ca0523b557c7931c5f84e0fd377a9a3b05121f0de",
                "sha256:49b08aae5013640a3bfa25a8eebbd95638ec3f4b2eaf6ed82cf0c7047133f03b",
                "sha256:4bc536201426451f06f044dfbf341c09f540b4ebdb9fd8d2c6164d733de5e634",
                "sha256:4ce601907e99ea5b4adb807ded3570ea62186b17f88e271569144e8cca4409c7",
                "sha256:4e40f2bd0d57dac3feb3a3aed50f17d83436c9e6b09b16af271b6230a2915459",
                "sha256:4e47a76848f92529879ecfc417ff88a2806438f57be4a6a8bf2961e8f9ca9ec7",
                "sha256:513b07e99c0a267b1d954243845d8a833758a6726a3b5d8948306e3fe14675e3",
                "sha256:531f4b4252fac6ca476fbe0e6f60f16f5b65d3e6b583bc4d87645e4e5ddde331",
                "sha256:57d52fa717ff445cb0a5ab5237db502e6be50809b43a596fb569630c665abddf",
                "sha256:59986de5710ad9613ff61dd9b02bdd2f615f1a7052304b79cc8fa2eb4e336d2d",
                "sha256:5baab5455c7a538ac7e8bf1feec4278a66436197592a9bed538160a2e7d11e36",
                "sha256:5c7d5b5005f177764e96bd584d7bf28d6e26e96f2a541fdddb934c486e36fd59",
                "sha256:60b7607753ba62cf0739177913b858140f11b8af72f22860c28eabb2f0a61937",
                "sha256:615a0a4bff11c45eb3c1996ceed5bdaa2f7b432425253a7c2eed33bb86d80abc",
                "sha256:61ea96a78378e3bd5a0be99b0e5ed00057b71f66115f5404d0dae4819f495093",
                "sha256:652c1988019752138b974c28f43751528116bcceadad85f33a258869e641d753",
                "sha256:6637560562134b0e17de333d18e69e312e0458ee4455bdad12c37100b7cad706",
                "sha256:678265f7b14e138d9a541ddabbe033012a2953315739f8cfa6d754cc8063e8ca",
                "sha256:699156034181e2ce106c89ddb4b6504c30db8caa86e0c30de47b3e0654543260",
                "sha256:6b9ff467ffbab9110e80e8c8de3bcfce8e8b0fd5661ac44a09ae5901668ba997",
                "sha256:6c327e9cd849b564b234da821236e6bcbe4f359a42ee05050dc79d8ed2a91588",
                "sha256:6d30226dfc816dd0fdf120cae611dd2215117e4f9b124af8c60ab9093b6e8e71",
                "sha256:6e227c40c02fd873c2a73a98c1280c10315cbebe26734c196ef4514776120aeb",
                "sha256:6e4d090e73e0725b2904fdbdd8d73b8802ddd691ef9254577b708d413bf3006e",
                "sha256:70f4b4851dbb500129681d04cc955be2a90b2248d69273a787dda120d5cf1f69",
                "sha256:70f947628e074bb2526ba1b151cee10e4c3b9670af4dbb4d73bc8a89445916b5",
                "sha256:774de879d212db5ce02dfbf5b0da9a0ea386aeba12b0b95674a4ce0593df3d07",
                "sha256:77fa384d8e118b3077cccfcaf91bf83c31fe4dc850b5e6ee3dc14dc3d61bdba1",
                "sha256:79e0a2cdbdc7af3f4aee3210b1172ab53d7ddb6a2d8c24119b5706e622b346d0",
                "sha256:7e88f5696153dc516ba6e79f82cc4747e87027205f0e02390c21f7cb3bd8abfd",
                "sha256:7f8210297b04e53bc3da35db08b7302a6a1f4889c79173af69b72ec9754796b8",
                "sha256:81982d78a45d1e5396819bbb4ece1fadfe5f079335dd28c4ab3427cd95389944",
                "sha256:823fcc638f67035137a5cd3f1584a4542d35a951c3cc68c6ead1df7dac825c26",
                "sha256:853a2295c00f1d4429db4c0fb9475958543ee80cfd310814b5c0ef502de24dda",
                "sha256:88e74ab0cdd84ad0614e2750f903bb0d610cc8af2cc17f72c28163acfcf372a4",
                "sha256:8aa1768c151cf562a9992462239dfc356b3d1037cc5a3ac829bb7f3bda7cc1f9",
                "sha256:8c8a8812fe6f43a3a5b054af6ac2d7b8605c7bcab2804a8a7d68b53f3cd86e00",
                "sha256:95b15e855ae44f0c6341ceb74df61b606e11f1087e87dcb7482377374aac6abe",
                "sha256:96581cfefa9123accc465a5fd0cc833ac4d75d55cc30b633b402e00e7ced00a6",
                "sha256:9bd18fee0923ca10f9a3ff67d4851c9d3e22b7bc63d1eddc12f439f436f2aada",
                "sha256:a33324437018bf6ba1bb0f921788788641439e0ed654b233285b9c69704c27b4",
                "sha256:a6a16f4a527aae4f49c875da3cdc9508ac7eef26e7977952608610104244e1b7",
                "sha256:a717aef6971208f0851a2420b075338e33083111d92041157bbe0e2713b37325",
                "sha256:a71891847f0a73b1b9eb86d089baee301477abef45f7eaf303495cd1473613e4",
                "sha256:aae7ea3a1c5bb40c93cad361b3e869b180ac174656120c42b9fadebf685d121b",
                "sha256:ab1cdb0f14dc161ebc268c09db04d2c9e6f70027f3b42446fa11c153521c0e88",
                "sha256:ab4ea451082e684198636565224bbb179575efc1658c48281b2c866bfd4ddf04",
                "sha256:abf058be9517dc877227ec3223f0300034bd0e9f53aebd63cf4456c8cb1e0863",
                "sha256:af36f36538418f3806048f3b242a1777e2540ff9efaa667c27da63d2749dbce0",
                "sha256:b53e9ad053cd064f7e473a5f29b37fc4cc9dc6d35f341e6afc0155ea257fc911",
                "sha256:b7851992faf25eac90bfcb7bfd19e1f5ffa00afd57daec8a0042e63c74a4551b",
                "sha256:b9b759b77f5337b4ea024f03abc6464c9f35d9718de01cfe6bae9f2e139c397e",
                "sha256:ba39688799094c75ea8a16a6b544eb57b5b0f3328697084f3f2790892510d144",
                "sha256:ba6b6b3846cfc10fdb4c971980a954e49d447cd215ed5a77ec8190bc93dd7bc5",
                "sha256:bb4c2eda937a5e74c38a41b33d8c77220380a388d689bcdb9b187cf6224c9720",
                "sha256:c0b97ec434041827935044bbbe52b03d6018c2897349670ff8fe11ed24d1d4ab",
                "sha256:c1452a1acdf914d194159439eb21e56b89aa903f2e1c65c60b9d874f9b950e5d",
                "sha256:c2027d05c8aebe61d898d4cffd774840a9cb82ed356ba47a90d99ad768f39789",
                "sha256:c2adbe22ab4babbca99c75c5d07aaf74f43c3195384ec07ccbd2f9e3bddaecec",
                "sha256:c2d97e906b4ff36eb464d52a3bc7d720bd6261f64bc4bcdbcd2c557c02081ed2",
                "sha256:c339dabd8ee15f8259ee0f202679b6324926e5bc9e9a40bf981ce77c038553db",
                "sha256:c6eae413494a1c3f89055da7a5515f32e05ebc1a234c27674a6956755fb2236f",
                "sha256:c949f04ecad823f81b1ba94e7d189d9dfb81edbb94ed3f8acfce41e682e48cef",
                "sha256:c97bee68898f3f4344eb02fec316db93d9700fb1e6a5b760ffa20d71d9a46ce3",
                "sha256:ca61d858e4107ce5e1330a74724fe757fc7135190eb5ce5c9d0191729f033209",
                "sha256:cb4679d4c2b089e5ef89756bc73e1926745e995d76e11925e3e96a76d5fa51fc",
                "sha256:cb774298da62aea5c80a89bd58c40205ab4c2abf4834453b5de207d59d2e1651",
                "sha256:ccd4d5702bb90b84df13bd491be8d900b92016c5a455b7e14630ad7449eb03f8",
                "sha256:cf9d3fe53b1ee360e2421be95e62ca9b3296bf3f2fb2d3b83ca49ad3f925835e",
                "sha256:d2ae91f50ccc5810b2f1b6b858257c9ad2e08da70bf890dee02de1775a387c66",
                "sha256:d37f8ec982ead9ba0a22a996129594938138a1503237b87318392a48882d50b7",
                "sha256:d81e6987b27bc7d101c8597e1cd2bcaa2fee5e8e0f356735c7ed34368c471550",
                "sha256:dcf4e6d85614f7a4956c2de5a56531f44efb973d2fe4a444d7251df5d5c4dcfd",
                "sha256:de790a3b5aa2124b8b78ae5faa033937a72da8efe74b9231698b5a1dd9be3405",
                "sha256:e47e9a08bcc04d20975b6434cc50bf82665fbc751bcce739d04a3120428f3e27",
                "sha256:e60f112ac88db9261ad3a52032ea46388378034f3279c643499edb982536a093",
                "sha256:e87fc540c6cac7f29ede02e0f989d4233f88ad439c5cdee56f693cc9c1c78077",
                "sha256:eac5c82fc632c599f4639a5886f96867ffced74458c7db61bc9a66ccb8ee3113",
                "sha256:ebb4e035e28f49b6f1a7032920bb9a0c064aedbbabe52c543343d39341a5b2a3",
                "sha256:ec1e72d6412f7126eb7b2e3bfca42b15e6e389e1bc88ea0069d0cc1742f477c6",
                "sha256:ef98ca7d5995a82f43ec0ab39c4caf6a9b994cb0b53648ff61716370eadc43cf",
                "sha256:f0cbc7fff06a90bbd875cc201f94ef0ee3929dfbd5c55a06674b60857b8b85ed",
                "sha256:f4791cf0f8c3104ac668797d8c514afb3431bc3305f5638add0ba1a5a37e0d88",
                "sha256:f5e412d717366e0677ef767eac93566582518fe8be923361a5c204c1a62eaafe",
                "sha256:fb2ed8b3fe4bf4506d6dab3b93b83bbc22237e230cba03866d561c3577517d18",
                "sha256:fe0a5a1025eb797752136ac8b4fa21aa891e3d74fd340f864ff982d649691867"
            ],
            "markers": "python_version >= '3.7'",
            "version": "==2.14.5"
        },
        "setuptools": {
            "hashes": [
                "sha256:1e8fdff6797d3865f37397be788a4e3cba233608e9b509382a2777d25ebde7f2",
                "sha256:735896e78a4742605974de002ac60562d286fa8051a7e2299445e8e8fbb01aa6"
            ],
            "markers": "python_version >= '3.8'",
            "version": "==69.0.2"
        },
        "sniffio": {
            "hashes": [
                "sha256:e60305c5e5d314f5389259b7f22aaa33d8f7dee49763119234af3755c55b9101",
                "sha256:eecefdce1e5bbfb7ad2eeaabf7c1eeb404d7757c379bd1f7e5cce9d8bf425384"
            ],
            "markers": "python_version >= '3.7'",
            "version": "==1.3.0"
        },
        "starlette": {
            "hashes": [
                "sha256:6a6b0d042acb8d469a01eba54e9cda6cbd24ac602c4cd016723117d6a7e73b75",
                "sha256:918416370e846586541235ccd38a474c08b80443ed31c578a418e2209b3eef91"
            ],
            "markers": "python_version >= '3.7'",
            "version": "==0.27.0"
        },
        "typing-extensions": {
            "hashes": [
                "sha256:23478f88c37f27d76ac8aee6c905017a143b0b1b886c3c9f66bc2fd94f9f5783",
                "sha256:af72aea155e91adfc61c3ae9e0e342dbc0cba726d6cba4b6c72c1f34e47291cd"
            ],
            "markers": "python_version >= '3.8'",
            "version": "==4.9.0"
        }
    },
    "develop": {}
}
